
Microsoft Visual Studio Solution File, Format Version 12.00
# Visual Studio Version 16
VisualStudioVersion = 16.0.30517.126
MinimumVisualStudioVersion = 10.0.40219.1
Project("{FAE04EC0-301F-11D3-BF4B-00C04F79EFBC}") = "GrpcOrderService", "GrpcOrderService\GrpcOrderService.csproj", "{C28947BC-13BA-4A38-B395-F204FC62DE9F}"
EndProject
Project("{FAE04EC0-301F-11D3-BF4B-00C04F79EFBC}") = "GrpcOrderClient", "GrpcOrderClient\GrpcOrderClient.csproj", "{993247A0-4949-49F3-8AE7-4D71C3CC1D95}"
EndProject
Global
	GlobalSection(SolutionConfigurationPlatforms) = preSolution
		Debug|Any CPU = Debug|Any CPU
		Release|Any CPU = Release|Any CPU
	EndGlobalSection
	GlobalSection(ProjectConfigurationPlatforms) = postSolution
		{C28947BC-13BA-4A38-B395-F204FC62DE9F}.Debug|Any CPU.ActiveCfg = Debug|Any CPU
		{C28947BC-13BA-4A38-B395-F204FC62DE9F}.Debug|Any CPU.Build.0 = Debug|Any CPU
		{C28947BC-13BA-4A38-B395-F204FC62DE9F}.Release|Any CPU.ActiveCfg = Release|Any CPU
		{C28947BC-13BA-4A38-B395-F204FC62DE9F}.Release|Any CPU.Build.0 = Release|Any CPU
		{993247A0-4949-49F3-8AE7-4D71C3CC1D95}.Debug|Any CPU.ActiveCfg = Debug|Any CPU
		{993247A0-4949-49F3-8AE7-4D71C3CC1D95}.Debug|Any CPU.Build.0 = Debug|Any CPU
		{993247A0-4949-49F3-8AE7-4D71C3CC1D95}.Release|Any CPU.ActiveCfg = Release|Any CPU
		{993247A0-4949-49F3-8AE7-4D71C3CC1D95}.Release|Any CPU.Build.0 = Release|Any CPU
	EndGlobalSection
	GlobalSection(SolutionProperties) = preSolution
		HideSolutionNode = FALSE
	EndGlobalSection
	GlobalSection(ExtensibilityGlobals) = postSolution
		SolutionGuid = {04332830-2B69-44B6-AF77-13B53B2E3121}
	EndGlobalSection
EndGlobal
