
Microsoft Visual Studio Solution File, Format Version 12.00
# Visual Studio Version 16
VisualStudioVersion = 16.0.29926.136
MinimumVisualStudioVersion = 10.0.40219.1
Project("{9A19103F-16F7-4668-BE54-9A1E7A4F7556}") = "01_StartUpDemo", "StartUpDemo\01_StartUpDemo.csproj", "{6FDDB247-4409-4E49-9CC1-D5DF5E60884C}"
EndProject
Project("{9A19103F-16F7-4668-BE54-9A1E7A4F7556}") = "02_DependencyInjection", "02_DependencyInjection\02_DependencyInjection.csproj", "{05FA7BAC-D0F7-46C6-A428-47D157A53B1E}"
EndProject
Project("{9A19103F-16F7-4668-BE54-9A1E7A4F7556}") = "03_DependencyInjectionScopeAndDisposableDemo", "03_DependencyInjectionScopeAndDisposableDemo\03_DependencyInjectionScopeAndDisposableDemo.csproj", "{62D0F13C-6612-41C9-BEF8-2A40A8EA5674}"
EndProject
Project("{9A19103F-16F7-4668-BE54-9A1E7A4F7556}") = "04_DIAutofacDemo", "04_DIAutofacDemo\04_DIAutofacDemo.csproj", "{9032B653-8C86-487D-910E-BB172B9B5910}"
EndProject
Project("{9A19103F-16F7-4668-BE54-9A1E7A4F7556}") = "05_ConfigurationDemo", "05_ConfigurationDemo\05_ConfigurationDemo.csproj", "{D145AE44-6C14-406F-8090-FE1B4663ECBC}"
EndProject
Project("{9A19103F-16F7-4668-BE54-9A1E7A4F7556}") = "06_Configuration_CommandLine", "06_Configuration_CommandLine\06_Configuration_CommandLine.csproj", "{9CE478EA-91E3-4F86-904C-1D0016B63EA9}"
EndProject
Project("{9A19103F-16F7-4668-BE54-9A1E7A4F7556}") = "07_Configuration_Env", "07_Configuration_Env\07_Configuration_Env.csproj", "{FFE2B2F0-CE3B-44F4-BAD0-83C5E32DEDB6}"
EndProject
Project("{9A19103F-16F7-4668-BE54-9A1E7A4F7556}") = "08_Configuration_File", "08_Configuration_File\08_Configuration_File.csproj", "{0646334F-5534-423D-899C-6501C24841B5}"
EndProject
Project("{9A19103F-16F7-4668-BE54-9A1E7A4F7556}") = "09_Configuration_Custom", "09_Configuration_Custom\09_Configuration_Custom.csproj", "{BDAE7513-2008-4ABA-A826-2615C57F0275}"
EndProject
Project("{2150E333-8FDC-42A3-9474-1A3956D46DE8}") = "Demos", "Demos", "{91249BF0-A784-4260-8CD4-01B206C2605C}"
EndProject
Project("{FAE04EC0-301F-11D3-BF4B-00C04F79EFBC}") = "10_OptionsDemo", "10_OptionsDemo\10_OptionsDemo.csproj", "{85D07704-5590-45A7-8083-257B2D8D8285}"
EndProject
Global
	GlobalSection(SolutionConfigurationPlatforms) = preSolution
		Debug|Any CPU = Debug|Any CPU
		Release|Any CPU = Release|Any CPU
	EndGlobalSection
	GlobalSection(ProjectConfigurationPlatforms) = postSolution
		{6FDDB247-4409-4E49-9CC1-D5DF5E60884C}.Debug|Any CPU.ActiveCfg = Debug|Any CPU
		{6FDDB247-4409-4E49-9CC1-D5DF5E60884C}.Debug|Any CPU.Build.0 = Debug|Any CPU
		{6FDDB247-4409-4E49-9CC1-D5DF5E60884C}.Release|Any CPU.ActiveCfg = Release|Any CPU
		{6FDDB247-4409-4E49-9CC1-D5DF5E60884C}.Release|Any CPU.Build.0 = Release|Any CPU
		{05FA7BAC-D0F7-46C6-A428-47D157A53B1E}.Debug|Any CPU.ActiveCfg = Debug|Any CPU
		{05FA7BAC-D0F7-46C6-A428-47D157A53B1E}.Debug|Any CPU.Build.0 = Debug|Any CPU
		{05FA7BAC-D0F7-46C6-A428-47D157A53B1E}.Release|Any CPU.ActiveCfg = Release|Any CPU
		{05FA7BAC-D0F7-46C6-A428-47D157A53B1E}.Release|Any CPU.Build.0 = Release|Any CPU
		{62D0F13C-6612-41C9-BEF8-2A40A8EA5674}.Debug|Any CPU.ActiveCfg = Debug|Any CPU
		{62D0F13C-6612-41C9-BEF8-2A40A8EA5674}.Debug|Any CPU.Build.0 = Debug|Any CPU
		{62D0F13C-6612-41C9-BEF8-2A40A8EA5674}.Release|Any CPU.ActiveCfg = Release|Any CPU
		{62D0F13C-6612-41C9-BEF8-2A40A8EA5674}.Release|Any CPU.Build.0 = Release|Any CPU
		{9032B653-8C86-487D-910E-BB172B9B5910}.Debug|Any CPU.ActiveCfg = Debug|Any CPU
		{9032B653-8C86-487D-910E-BB172B9B5910}.Debug|Any CPU.Build.0 = Debug|Any CPU
		{9032B653-8C86-487D-910E-BB172B9B5910}.Release|Any CPU.ActiveCfg = Release|Any CPU
		{9032B653-8C86-487D-910E-BB172B9B5910}.Release|Any CPU.Build.0 = Release|Any CPU
		{D145AE44-6C14-406F-8090-FE1B4663ECBC}.Debug|Any CPU.ActiveCfg = Debug|Any CPU
		{D145AE44-6C14-406F-8090-FE1B4663ECBC}.Debug|Any CPU.Build.0 = Debug|Any CPU
		{D145AE44-6C14-406F-8090-FE1B4663ECBC}.Release|Any CPU.ActiveCfg = Release|Any CPU
		{D145AE44-6C14-406F-8090-FE1B4663ECBC}.Release|Any CPU.Build.0 = Release|Any CPU
		{9CE478EA-91E3-4F86-904C-1D0016B63EA9}.Debug|Any CPU.ActiveCfg = Debug|Any CPU
		{9CE478EA-91E3-4F86-904C-1D0016B63EA9}.Debug|Any CPU.Build.0 = Debug|Any CPU
		{9CE478EA-91E3-4F86-904C-1D0016B63EA9}.Release|Any CPU.ActiveCfg = Release|Any CPU
		{9CE478EA-91E3-4F86-904C-1D0016B63EA9}.Release|Any CPU.Build.0 = Release|Any CPU
		{FFE2B2F0-CE3B-44F4-BAD0-83C5E32DEDB6}.Debug|Any CPU.ActiveCfg = Debug|Any CPU
		{FFE2B2F0-CE3B-44F4-BAD0-83C5E32DEDB6}.Debug|Any CPU.Build.0 = Debug|Any CPU
		{FFE2B2F0-CE3B-44F4-BAD0-83C5E32DEDB6}.Release|Any CPU.ActiveCfg = Release|Any CPU
		{FFE2B2F0-CE3B-44F4-BAD0-83C5E32DEDB6}.Release|Any CPU.Build.0 = Release|Any CPU
		{0646334F-5534-423D-899C-6501C24841B5}.Debug|Any CPU.ActiveCfg = Debug|Any CPU
		{0646334F-5534-423D-899C-6501C24841B5}.Debug|Any CPU.Build.0 = Debug|Any CPU
		{0646334F-5534-423D-899C-6501C24841B5}.Release|Any CPU.ActiveCfg = Release|Any CPU
		{0646334F-5534-423D-899C-6501C24841B5}.Release|Any CPU.Build.0 = Release|Any CPU
		{BDAE7513-2008-4ABA-A826-2615C57F0275}.Debug|Any CPU.ActiveCfg = Debug|Any CPU
		{BDAE7513-2008-4ABA-A826-2615C57F0275}.Debug|Any CPU.Build.0 = Debug|Any CPU
		{BDAE7513-2008-4ABA-A826-2615C57F0275}.Release|Any CPU.ActiveCfg = Release|Any CPU
		{BDAE7513-2008-4ABA-A826-2615C57F0275}.Release|Any CPU.Build.0 = Release|Any CPU
		{85D07704-5590-45A7-8083-257B2D8D8285}.Debug|Any CPU.ActiveCfg = Debug|Any CPU
		{85D07704-5590-45A7-8083-257B2D8D8285}.Debug|Any CPU.Build.0 = Debug|Any CPU
		{85D07704-5590-45A7-8083-257B2D8D8285}.Release|Any CPU.ActiveCfg = Release|Any CPU
		{85D07704-5590-45A7-8083-257B2D8D8285}.Release|Any CPU.Build.0 = Release|Any CPU
	EndGlobalSection
	GlobalSection(SolutionProperties) = preSolution
		HideSolutionNode = FALSE
	EndGlobalSection
	GlobalSection(NestedProjects) = preSolution
		{6FDDB247-4409-4E49-9CC1-D5DF5E60884C} = {91249BF0-A784-4260-8CD4-01B206C2605C}
		{05FA7BAC-D0F7-46C6-A428-47D157A53B1E} = {91249BF0-A784-4260-8CD4-01B206C2605C}
		{62D0F13C-6612-41C9-BEF8-2A40A8EA5674} = {91249BF0-A784-4260-8CD4-01B206C2605C}
		{9032B653-8C86-487D-910E-BB172B9B5910} = {91249BF0-A784-4260-8CD4-01B206C2605C}
		{D145AE44-6C14-406F-8090-FE1B4663ECBC} = {91249BF0-A784-4260-8CD4-01B206C2605C}
		{9CE478EA-91E3-4F86-904C-1D0016B63EA9} = {91249BF0-A784-4260-8CD4-01B206C2605C}
		{FFE2B2F0-CE3B-44F4-BAD0-83C5E32DEDB6} = {91249BF0-A784-4260-8CD4-01B206C2605C}
		{0646334F-5534-423D-899C-6501C24841B5} = {91249BF0-A784-4260-8CD4-01B206C2605C}
		{BDAE7513-2008-4ABA-A826-2615C57F0275} = {91249BF0-A784-4260-8CD4-01B206C2605C}
	EndGlobalSection
	GlobalSection(ExtensibilityGlobals) = postSolution
		SolutionGuid = {55F02DB8-CF87-433E-B363-0500DF9A05C0}
	EndGlobalSection
EndGlobal
