
Microsoft Visual Studio Solution File, Format Version 12.00
# Visual Studio 15
VisualStudioVersion = 15.0.26124.0
MinimumVisualStudioVersion = 15.0.26124.0
Project("{2150E333-8FDC-42A3-9474-1A3956D46DE8}") = "数组的度", "数组的度", "{75FE2152-817F-4172-A537-C1A5AD5B86CD}"
EndProject
Project("{FAE04EC0-301F-11D3-BF4B-00C04F79EFBC}") = "DegreeOfArray", "数组的度\DegreeOfArray\DegreeOfArray.csproj", "{D98BEE20-01F9-4E84-9BE0-739DE11D07EB}"
EndProject
Project("{FAE04EC0-301F-11D3-BF4B-00C04F79EFBC}") = "DegreeOfArray.Test", "数组的度\DegreeOfArray.Test\DegreeOfArray.Test.csproj", "{31C62F89-3579-4974-8D26-3051227A2B58}"
EndProject
Global
	GlobalSection(SolutionConfigurationPlatforms) = preSolution
		Debug|Any CPU = Debug|Any CPU
		Debug|x64 = Debug|x64
		Debug|x86 = Debug|x86
		Release|Any CPU = Release|Any CPU
		Release|x64 = Release|x64
		Release|x86 = Release|x86
	EndGlobalSection
	GlobalSection(SolutionProperties) = preSolution
		HideSolutionNode = FALSE
	EndGlobalSection
	GlobalSection(ProjectConfigurationPlatforms) = postSolution
		{D98BEE20-01F9-4E84-9BE0-739DE11D07EB}.Debug|Any CPU.ActiveCfg = Debug|Any CPU
		{D98BEE20-01F9-4E84-9BE0-739DE11D07EB}.Debug|Any CPU.Build.0 = Debug|Any CPU
		{D98BEE20-01F9-4E84-9BE0-739DE11D07EB}.Debug|x64.ActiveCfg = Debug|Any CPU
		{D98BEE20-01F9-4E84-9BE0-739DE11D07EB}.Debug|x64.Build.0 = Debug|Any CPU
		{D98BEE20-01F9-4E84-9BE0-739DE11D07EB}.Debug|x86.ActiveCfg = Debug|Any CPU
		{D98BEE20-01F9-4E84-9BE0-739DE11D07EB}.Debug|x86.Build.0 = Debug|Any CPU
		{D98BEE20-01F9-4E84-9BE0-739DE11D07EB}.Release|Any CPU.ActiveCfg = Release|Any CPU
		{D98BEE20-01F9-4E84-9BE0-739DE11D07EB}.Release|Any CPU.Build.0 = Release|Any CPU
		{D98BEE20-01F9-4E84-9BE0-739DE11D07EB}.Release|x64.ActiveCfg = Release|Any CPU
		{D98BEE20-01F9-4E84-9BE0-739DE11D07EB}.Release|x64.Build.0 = Release|Any CPU
		{D98BEE20-01F9-4E84-9BE0-739DE11D07EB}.Release|x86.ActiveCfg = Release|Any CPU
		{D98BEE20-01F9-4E84-9BE0-739DE11D07EB}.Release|x86.Build.0 = Release|Any CPU
		{31C62F89-3579-4974-8D26-3051227A2B58}.Debug|Any CPU.ActiveCfg = Debug|Any CPU
		{31C62F89-3579-4974-8D26-3051227A2B58}.Debug|Any CPU.Build.0 = Debug|Any CPU
		{31C62F89-3579-4974-8D26-3051227A2B58}.Debug|x64.ActiveCfg = Debug|Any CPU
		{31C62F89-3579-4974-8D26-3051227A2B58}.Debug|x64.Build.0 = Debug|Any CPU
		{31C62F89-3579-4974-8D26-3051227A2B58}.Debug|x86.ActiveCfg = Debug|Any CPU
		{31C62F89-3579-4974-8D26-3051227A2B58}.Debug|x86.Build.0 = Debug|Any CPU
		{31C62F89-3579-4974-8D26-3051227A2B58}.Release|Any CPU.ActiveCfg = Release|Any CPU
		{31C62F89-3579-4974-8D26-3051227A2B58}.Release|Any CPU.Build.0 = Release|Any CPU
		{31C62F89-3579-4974-8D26-3051227A2B58}.Release|x64.ActiveCfg = Release|Any CPU
		{31C62F89-3579-4974-8D26-3051227A2B58}.Release|x64.Build.0 = Release|Any CPU
		{31C62F89-3579-4974-8D26-3051227A2B58}.Release|x86.ActiveCfg = Release|Any CPU
		{31C62F89-3579-4974-8D26-3051227A2B58}.Release|x86.Build.0 = Release|Any CPU
	EndGlobalSection
	GlobalSection(NestedProjects) = preSolution
		{D98BEE20-01F9-4E84-9BE0-739DE11D07EB} = {75FE2152-817F-4172-A537-C1A5AD5B86CD}
		{31C62F89-3579-4974-8D26-3051227A2B58} = {75FE2152-817F-4172-A537-C1A5AD5B86CD}
	EndGlobalSection
EndGlobal
