
Microsoft Visual Studio Solution File, Format Version 12.00
# Visual Studio Version 16
VisualStudioVersion = 16.0.30406.217
MinimumVisualStudioVersion = 10.0.40219.1
Project("{9A19103F-16F7-4668-BE54-9A1E7A4F7556}") = "Send", "Send\Send.csproj", "{869FA061-7F8D-45AE-9116-F4277BC51935}"
EndProject
Project("{9A19103F-16F7-4668-BE54-9A1E7A4F7556}") = "02NewTask", "02NewTask\02NewTask.csproj", "{390E75CF-16E1-4E9B-A822-69CB920CD107}"
EndProject
Project("{9A19103F-16F7-4668-BE54-9A1E7A4F7556}") = "Receive", "Receive\Receive.csproj", "{063A67A2-2143-4236-9F11-DAC97E21B721}"
EndProject
Project("{9A19103F-16F7-4668-BE54-9A1E7A4F7556}") = "02Worker", "02Worker\02Worker.csproj", "{A6E8F5A8-1DA5-4199-9E31-14676BC50887}"
EndProject
Project("{2150E333-8FDC-42A3-9474-1A3956D46DE8}") = "01", "01", "{FAA6310C-0A4B-4230-ADF3-3819B3265D36}"
EndProject
Project("{2150E333-8FDC-42A3-9474-1A3956D46DE8}") = "02_workQueues", "02_workQueues", "{2C072225-4B64-4E47-A22D-98E6F71E127C}"
EndProject
Project("{2150E333-8FDC-42A3-9474-1A3956D46DE8}") = "03_publish_subscribe", "03_publish_subscribe", "{B04AD634-E293-4BB5-A990-2068026BE061}"
EndProject
Project("{FAE04EC0-301F-11D3-BF4B-00C04F79EFBC}") = "EmitLog", "EmitLog\EmitLog.csproj", "{B913CDC4-C097-4DD2-A6DE-CDBC49FDDFCC}"
EndProject
Project("{FAE04EC0-301F-11D3-BF4B-00C04F79EFBC}") = "ReceiveLogs", "ReceiveLogs\ReceiveLogs.csproj", "{D95EE163-14B0-4246-A58E-C6266D6FBDBD}"
EndProject
Project("{2150E333-8FDC-42A3-9474-1A3956D46DE8}") = "04_Direct", "04_Direct", "{7D48A96E-1EBE-43E9-A47F-E56D72A5A1B2}"
EndProject
Project("{FAE04EC0-301F-11D3-BF4B-00C04F79EFBC}") = "EmitLogDirect", "EmitLogDirect\EmitLogDirect.csproj", "{DF387E1F-CD04-487C-B8C0-23ABF3CFCF43}"
EndProject
Project("{FAE04EC0-301F-11D3-BF4B-00C04F79EFBC}") = "ReceiveLogDirect", "ReceiveLogDirect\ReceiveLogDirect.csproj", "{70C213FC-26AC-410F-A2BD-7D4135169F8F}"
EndProject
Project("{2150E333-8FDC-42A3-9474-1A3956D46DE8}") = "05_Topic", "05_Topic", "{7E61F789-0A83-439B-AF72-E85E0C31E725}"
EndProject
Project("{FAE04EC0-301F-11D3-BF4B-00C04F79EFBC}") = "EmitLogTopic", "EmitLogTopic\EmitLogTopic.csproj", "{A5969867-A08A-4802-B398-B4BD150EB46F}"
EndProject
Project("{FAE04EC0-301F-11D3-BF4B-00C04F79EFBC}") = "ReceiveLogsTopic", "ReceiveLogsTopic\ReceiveLogsTopic.csproj", "{46EB0681-9407-4F62-AB24-AA50E8518C4D}"
EndProject
Global
	GlobalSection(SolutionConfigurationPlatforms) = preSolution
		Debug|Any CPU = Debug|Any CPU
		Release|Any CPU = Release|Any CPU
	EndGlobalSection
	GlobalSection(ProjectConfigurationPlatforms) = postSolution
		{869FA061-7F8D-45AE-9116-F4277BC51935}.Debug|Any CPU.ActiveCfg = Debug|Any CPU
		{869FA061-7F8D-45AE-9116-F4277BC51935}.Debug|Any CPU.Build.0 = Debug|Any CPU
		{869FA061-7F8D-45AE-9116-F4277BC51935}.Release|Any CPU.ActiveCfg = Release|Any CPU
		{869FA061-7F8D-45AE-9116-F4277BC51935}.Release|Any CPU.Build.0 = Release|Any CPU
		{390E75CF-16E1-4E9B-A822-69CB920CD107}.Debug|Any CPU.ActiveCfg = Debug|Any CPU
		{390E75CF-16E1-4E9B-A822-69CB920CD107}.Debug|Any CPU.Build.0 = Debug|Any CPU
		{390E75CF-16E1-4E9B-A822-69CB920CD107}.Release|Any CPU.ActiveCfg = Release|Any CPU
		{390E75CF-16E1-4E9B-A822-69CB920CD107}.Release|Any CPU.Build.0 = Release|Any CPU
		{063A67A2-2143-4236-9F11-DAC97E21B721}.Debug|Any CPU.ActiveCfg = Debug|Any CPU
		{063A67A2-2143-4236-9F11-DAC97E21B721}.Debug|Any CPU.Build.0 = Debug|Any CPU
		{063A67A2-2143-4236-9F11-DAC97E21B721}.Release|Any CPU.ActiveCfg = Release|Any CPU
		{063A67A2-2143-4236-9F11-DAC97E21B721}.Release|Any CPU.Build.0 = Release|Any CPU
		{A6E8F5A8-1DA5-4199-9E31-14676BC50887}.Debug|Any CPU.ActiveCfg = Debug|Any CPU
		{A6E8F5A8-1DA5-4199-9E31-14676BC50887}.Debug|Any CPU.Build.0 = Debug|Any CPU
		{A6E8F5A8-1DA5-4199-9E31-14676BC50887}.Release|Any CPU.ActiveCfg = Release|Any CPU
		{A6E8F5A8-1DA5-4199-9E31-14676BC50887}.Release|Any CPU.Build.0 = Release|Any CPU
		{B913CDC4-C097-4DD2-A6DE-CDBC49FDDFCC}.Debug|Any CPU.ActiveCfg = Debug|Any CPU
		{B913CDC4-C097-4DD2-A6DE-CDBC49FDDFCC}.Debug|Any CPU.Build.0 = Debug|Any CPU
		{B913CDC4-C097-4DD2-A6DE-CDBC49FDDFCC}.Release|Any CPU.ActiveCfg = Release|Any CPU
		{B913CDC4-C097-4DD2-A6DE-CDBC49FDDFCC}.Release|Any CPU.Build.0 = Release|Any CPU
		{D95EE163-14B0-4246-A58E-C6266D6FBDBD}.Debug|Any CPU.ActiveCfg = Debug|Any CPU
		{D95EE163-14B0-4246-A58E-C6266D6FBDBD}.Debug|Any CPU.Build.0 = Debug|Any CPU
		{D95EE163-14B0-4246-A58E-C6266D6FBDBD}.Release|Any CPU.ActiveCfg = Release|Any CPU
		{D95EE163-14B0-4246-A58E-C6266D6FBDBD}.Release|Any CPU.Build.0 = Release|Any CPU
		{DF387E1F-CD04-487C-B8C0-23ABF3CFCF43}.Debug|Any CPU.ActiveCfg = Debug|Any CPU
		{DF387E1F-CD04-487C-B8C0-23ABF3CFCF43}.Debug|Any CPU.Build.0 = Debug|Any CPU
		{DF387E1F-CD04-487C-B8C0-23ABF3CFCF43}.Release|Any CPU.ActiveCfg = Release|Any CPU
		{DF387E1F-CD04-487C-B8C0-23ABF3CFCF43}.Release|Any CPU.Build.0 = Release|Any CPU
		{70C213FC-26AC-410F-A2BD-7D4135169F8F}.Debug|Any CPU.ActiveCfg = Debug|Any CPU
		{70C213FC-26AC-410F-A2BD-7D4135169F8F}.Debug|Any CPU.Build.0 = Debug|Any CPU
		{70C213FC-26AC-410F-A2BD-7D4135169F8F}.Release|Any CPU.ActiveCfg = Release|Any CPU
		{70C213FC-26AC-410F-A2BD-7D4135169F8F}.Release|Any CPU.Build.0 = Release|Any CPU
		{A5969867-A08A-4802-B398-B4BD150EB46F}.Debug|Any CPU.ActiveCfg = Debug|Any CPU
		{A5969867-A08A-4802-B398-B4BD150EB46F}.Debug|Any CPU.Build.0 = Debug|Any CPU
		{A5969867-A08A-4802-B398-B4BD150EB46F}.Release|Any CPU.ActiveCfg = Release|Any CPU
		{A5969867-A08A-4802-B398-B4BD150EB46F}.Release|Any CPU.Build.0 = Release|Any CPU
		{46EB0681-9407-4F62-AB24-AA50E8518C4D}.Debug|Any CPU.ActiveCfg = Debug|Any CPU
		{46EB0681-9407-4F62-AB24-AA50E8518C4D}.Debug|Any CPU.Build.0 = Debug|Any CPU
		{46EB0681-9407-4F62-AB24-AA50E8518C4D}.Release|Any CPU.ActiveCfg = Release|Any CPU
		{46EB0681-9407-4F62-AB24-AA50E8518C4D}.Release|Any CPU.Build.0 = Release|Any CPU
	EndGlobalSection
	GlobalSection(SolutionProperties) = preSolution
		HideSolutionNode = FALSE
	EndGlobalSection
	GlobalSection(NestedProjects) = preSolution
		{869FA061-7F8D-45AE-9116-F4277BC51935} = {FAA6310C-0A4B-4230-ADF3-3819B3265D36}
		{390E75CF-16E1-4E9B-A822-69CB920CD107} = {2C072225-4B64-4E47-A22D-98E6F71E127C}
		{063A67A2-2143-4236-9F11-DAC97E21B721} = {FAA6310C-0A4B-4230-ADF3-3819B3265D36}
		{A6E8F5A8-1DA5-4199-9E31-14676BC50887} = {2C072225-4B64-4E47-A22D-98E6F71E127C}
		{B913CDC4-C097-4DD2-A6DE-CDBC49FDDFCC} = {B04AD634-E293-4BB5-A990-2068026BE061}
		{D95EE163-14B0-4246-A58E-C6266D6FBDBD} = {B04AD634-E293-4BB5-A990-2068026BE061}
		{DF387E1F-CD04-487C-B8C0-23ABF3CFCF43} = {7D48A96E-1EBE-43E9-A47F-E56D72A5A1B2}
		{70C213FC-26AC-410F-A2BD-7D4135169F8F} = {7D48A96E-1EBE-43E9-A47F-E56D72A5A1B2}
		{A5969867-A08A-4802-B398-B4BD150EB46F} = {7E61F789-0A83-439B-AF72-E85E0C31E725}
		{46EB0681-9407-4F62-AB24-AA50E8518C4D} = {7E61F789-0A83-439B-AF72-E85E0C31E725}
	EndGlobalSection
	GlobalSection(ExtensibilityGlobals) = postSolution
		SolutionGuid = {6B4877C3-B507-43A4-88A2-23E0D6E12649}
	EndGlobalSection
EndGlobal
